
Microsoft Visual Studio Solution File, Format Version 12.00
# Visual Studio Version 16
VisualStudioVersion = 16.0.29709.97
MinimumVisualStudioVersion = 10.0.40219.1
Project("{FAE04EC0-301F-11D3-BF4B-00C04F79EFBC}") = "Lab10-Movies", "Lab10-Movies\Lab10-Movies.csproj", "{93CBCCE2-B8C8-4575-AC6E-110B8C7B9FE2}"
EndProject
Global
	GlobalSection(SolutionConfigurationPlatforms) = preSolution
		Debug|Any CPU = Debug|Any CPU
		Release|Any CPU = Release|Any CPU
	EndGlobalSection
	GlobalSection(ProjectConfigurationPlatforms) = postSolution
		{93CBCCE2-B8C8-4575-AC6E-110B8C7B9FE2}.Debug|Any CPU.ActiveCfg = Debug|Any CPU
		{93CBCCE2-B8C8-4575-AC6E-110B8C7B9FE2}.Debug|Any CPU.Build.0 = Debug|Any CPU
		{93CBCCE2-B8C8-4575-AC6E-110B8C7B9FE2}.Release|Any CPU.ActiveCfg = Release|Any CPU
		{93CBCCE2-B8C8-4575-AC6E-110B8C7B9FE2}.Release|Any CPU.Build.0 = Release|Any CPU
	EndGlobalSection
	GlobalSection(SolutionProperties) = preSolution
		HideSolutionNode = FALSE
	EndGlobalSection
	GlobalSection(ExtensibilityGlobals) = postSolution
		SolutionGuid = {6FA050CC-C4A2-43CF-ABC6-73AE3B29D84B}
	EndGlobalSection
EndGlobal
